
Microsoft Visual Studio Solution File, Format Version 12.00
# Visual Studio Version 16
VisualStudioVersion = 16.0.28803.156
MinimumVisualStudioVersion = 10.0.40219.1
Project("{FAE04EC0-301F-11D3-BF4B-00C04F79EFBC}") = "ARDC.BizCard.Core", "ARDC.BizCard.Core\ARDC.BizCard.Core.csproj", "{E7A24035-2501-4989-80BE-2C8627BE5CFD}"
EndProject
Project("{FAE04EC0-301F-11D3-BF4B-00C04F79EFBC}") = "ARDC.BizCard.Droid", "ARDC.BizCard.Droid\ARDC.BizCard.Droid.csproj", "{93D22ABE-2B26-458D-8CDB-44C02B3FA6DA}"
EndProject
Global
	GlobalSection(SolutionConfigurationPlatforms) = preSolution
		Debug|Any CPU = Debug|Any CPU
		Release|Any CPU = Release|Any CPU
	EndGlobalSection
	GlobalSection(ProjectConfigurationPlatforms) = postSolution
		{E7A24035-2501-4989-80BE-2C8627BE5CFD}.Debug|Any CPU.ActiveCfg = Debug|Any CPU
		{E7A24035-2501-4989-80BE-2C8627BE5CFD}.Debug|Any CPU.Build.0 = Debug|Any CPU
		{E7A24035-2501-4989-80BE-2C8627BE5CFD}.Release|Any CPU.ActiveCfg = Release|Any CPU
		{E7A24035-2501-4989-80BE-2C8627BE5CFD}.Release|Any CPU.Build.0 = Release|Any CPU
		{93D22ABE-2B26-458D-8CDB-44C02B3FA6DA}.Debug|Any CPU.ActiveCfg = Debug|Any CPU
		{93D22ABE-2B26-458D-8CDB-44C02B3FA6DA}.Debug|Any CPU.Build.0 = Debug|Any CPU
		{93D22ABE-2B26-458D-8CDB-44C02B3FA6DA}.Debug|Any CPU.Deploy.0 = Debug|Any CPU
		{93D22ABE-2B26-458D-8CDB-44C02B3FA6DA}.Release|Any CPU.ActiveCfg = Release|Any CPU
		{93D22ABE-2B26-458D-8CDB-44C02B3FA6DA}.Release|Any CPU.Build.0 = Release|Any CPU
		{93D22ABE-2B26-458D-8CDB-44C02B3FA6DA}.Release|Any CPU.Deploy.0 = Release|Any CPU
	EndGlobalSection
	GlobalSection(SolutionProperties) = preSolution
		HideSolutionNode = FALSE
	EndGlobalSection
	GlobalSection(ExtensibilityGlobals) = postSolution
		SolutionGuid = {33FC86E2-D726-4E1C-8C3B-8F35DA15AF48}
	EndGlobalSection
EndGlobal
